
Microsoft Visual Studio Solution File, Format Version 12.00
# Visual Studio 15
VisualStudioVersion = 15.0.28307.136
MinimumVisualStudioVersion = 10.0.40219.1
Project("{FAE04EC0-301F-11D3-BF4B-00C04F79EFBC}") = "FundacolApp.Android", "FundacolApp\FundacolApp.Android\FundacolApp.Android.csproj", "{4941FF53-E2A5-4923-967B-4749B35F76E2}"
EndProject
Project("{FAE04EC0-301F-11D3-BF4B-00C04F79EFBC}") = "FundacolApp.iOS", "FundacolApp\FundacolApp.iOS\FundacolApp.iOS.csproj", "{BC80F786-F155-47D4-9739-5365EFDB029B}"
EndProject
Project("{FAE04EC0-301F-11D3-BF4B-00C04F79EFBC}") = "FundacolApp", "FundacolApp\FundacolApp\FundacolApp.csproj", "{E59CF190-19A8-432B-B92E-301F8B087505}"
EndProject
Project("{FAE04EC0-301F-11D3-BF4B-00C04F79EFBC}") = "Fundacol.Backend", "Fundacol.Backend\Fundacol.Backend.csproj", "{183A6A40-75A3-47A4-A884-BB864403464F}"
EndProject
Project("{FAE04EC0-301F-11D3-BF4B-00C04F79EFBC}") = "Fundacol.API", "Fundacol.API\Fundacol.API.csproj", "{B9A817EB-B565-4443-8E14-B4D393E4D9B6}"
EndProject
Project("{FAE04EC0-301F-11D3-BF4B-00C04F79EFBC}") = "Fundacol.Domain", "Fundacol.Domain\Fundacol.Domain.csproj", "{E3433BA4-E209-4223-B383-E677AA10244C}"
EndProject
Project("{FAE04EC0-301F-11D3-BF4B-00C04F79EFBC}") = "Fundacol.Common", "Fundacol.Common\Fundacol.Common.csproj", "{297873F3-92B8-4439-B087-D010BCDCA905}"
EndProject
Global
	GlobalSection(SolutionConfigurationPlatforms) = preSolution
		Ad-Hoc|Any CPU = Ad-Hoc|Any CPU
		Ad-Hoc|iPhone = Ad-Hoc|iPhone
		Ad-Hoc|iPhoneSimulator = Ad-Hoc|iPhoneSimulator
		AppStore|Any CPU = AppStore|Any CPU
		AppStore|iPhone = AppStore|iPhone
		AppStore|iPhoneSimulator = AppStore|iPhoneSimulator
		Debug|Any CPU = Debug|Any CPU
		Debug|iPhone = Debug|iPhone
		Debug|iPhoneSimulator = Debug|iPhoneSimulator
		Release|Any CPU = Release|Any CPU
		Release|iPhone = Release|iPhone
		Release|iPhoneSimulator = Release|iPhoneSimulator
	EndGlobalSection
	GlobalSection(ProjectConfigurationPlatforms) = postSolution
		{4941FF53-E2A5-4923-967B-4749B35F76E2}.Ad-Hoc|Any CPU.ActiveCfg = Release|Any CPU
		{4941FF53-E2A5-4923-967B-4749B35F76E2}.Ad-Hoc|Any CPU.Build.0 = Release|Any CPU
		{4941FF53-E2A5-4923-967B-4749B35F76E2}.Ad-Hoc|Any CPU.Deploy.0 = Release|Any CPU
		{4941FF53-E2A5-4923-967B-4749B35F76E2}.Ad-Hoc|iPhone.ActiveCfg = Release|Any CPU
		{4941FF53-E2A5-4923-967B-4749B35F76E2}.Ad-Hoc|iPhone.Build.0 = Release|Any CPU
		{4941FF53-E2A5-4923-967B-4749B35F76E2}.Ad-Hoc|iPhone.Deploy.0 = Release|Any CPU
		{4941FF53-E2A5-4923-967B-4749B35F76E2}.Ad-Hoc|iPhoneSimulator.ActiveCfg = Release|Any CPU
		{4941FF53-E2A5-4923-967B-4749B35F76E2}.Ad-Hoc|iPhoneSimulator.Build.0 = Release|Any CPU
		{4941FF53-E2A5-4923-967B-4749B35F76E2}.Ad-Hoc|iPhoneSimulator.Deploy.0 = Release|Any CPU
		{4941FF53-E2A5-4923-967B-4749B35F76E2}.AppStore|Any CPU.ActiveCfg = Release|Any CPU
		{4941FF53-E2A5-4923-967B-4749B35F76E2}.AppStore|Any CPU.Build.0 = Release|Any CPU
		{4941FF53-E2A5-4923-967B-4749B35F76E2}.AppStore|Any CPU.Deploy.0 = Release|Any CPU
		{4941FF53-E2A5-4923-967B-4749B35F76E2}.AppStore|iPhone.ActiveCfg = Release|Any CPU
		{4941FF53-E2A5-4923-967B-4749B35F76E2}.AppStore|iPhone.Build.0 = Release|Any CPU
		{4941FF53-E2A5-4923-967B-4749B35F76E2}.AppStore|iPhone.Deploy.0 = Release|Any CPU
		{4941FF53-E2A5-4923-967B-4749B35F76E2}.AppStore|iPhoneSimulator.ActiveCfg = Release|Any CPU
		{4941FF53-E2A5-4923-967B-4749B35F76E2}.AppStore|iPhoneSimulator.Build.0 = Release|Any CPU
		{4941FF53-E2A5-4923-967B-4749B35F76E2}.AppStore|iPhoneSimulator.Deploy.0 = Release|Any CPU
		{4941FF53-E2A5-4923-967B-4749B35F76E2}.Debug|Any CPU.ActiveCfg = Debug|Any CPU
		{4941FF53-E2A5-4923-967B-4749B35F76E2}.Debug|Any CPU.Build.0 = Debug|Any CPU
		{4941FF53-E2A5-4923-967B-4749B35F76E2}.Debug|Any CPU.Deploy.0 = Debug|Any CPU
		{4941FF53-E2A5-4923-967B-4749B35F76E2}.Debug|iPhone.ActiveCfg = Debug|Any CPU
		{4941FF53-E2A5-4923-967B-4749B35F76E2}.Debug|iPhone.Build.0 = Debug|Any CPU
		{4941FF53-E2A5-4923-967B-4749B35F76E2}.Debug|iPhone.Deploy.0 = Debug|Any CPU
		{4941FF53-E2A5-4923-967B-4749B35F76E2}.Debug|iPhoneSimulator.ActiveCfg = Debug|Any CPU
		{4941FF53-E2A5-4923-967B-4749B35F76E2}.Debug|iPhoneSimulator.Build.0 = Debug|Any CPU
		{4941FF53-E2A5-4923-967B-4749B35F76E2}.Debug|iPhoneSimulator.Deploy.0 = Debug|Any CPU
		{4941FF53-E2A5-4923-967B-4749B35F76E2}.Release|Any CPU.ActiveCfg = Release|Any CPU
		{4941FF53-E2A5-4923-967B-4749B35F76E2}.Release|Any CPU.Build.0 = Release|Any CPU
		{4941FF53-E2A5-4923-967B-4749B35F76E2}.Release|Any CPU.Deploy.0 = Release|Any CPU
		{4941FF53-E2A5-4923-967B-4749B35F76E2}.Release|iPhone.ActiveCfg = Release|Any CPU
		{4941FF53-E2A5-4923-967B-4749B35F76E2}.Release|iPhone.Build.0 = Release|Any CPU
		{4941FF53-E2A5-4923-967B-4749B35F76E2}.Release|iPhone.Deploy.0 = Release|Any CPU
		{4941FF53-E2A5-4923-967B-4749B35F76E2}.Release|iPhoneSimulator.ActiveCfg = Release|Any CPU
		{4941FF53-E2A5-4923-967B-4749B35F76E2}.Release|iPhoneSimulator.Build.0 = Release|Any CPU
		{4941FF53-E2A5-4923-967B-4749B35F76E2}.Release|iPhoneSimulator.Deploy.0 = Release|Any CPU
		{BC80F786-F155-47D4-9739-5365EFDB029B}.Ad-Hoc|Any CPU.ActiveCfg = Ad-Hoc|iPhone
		{BC80F786-F155-47D4-9739-5365EFDB029B}.Ad-Hoc|Any CPU.Build.0 = Ad-Hoc|iPhone
		{BC80F786-F155-47D4-9739-5365EFDB029B}.Ad-Hoc|Any CPU.Deploy.0 = Ad-Hoc|iPhone
		{BC80F786-F155-47D4-9739-5365EFDB029B}.Ad-Hoc|iPhone.ActiveCfg = Ad-Hoc|iPhone
		{BC80F786-F155-47D4-9739-5365EFDB029B}.Ad-Hoc|iPhone.Build.0 = Ad-Hoc|iPhone
		{BC80F786-F155-47D4-9739-5365EFDB029B}.Ad-Hoc|iPhone.Deploy.0 = Ad-Hoc|iPhone
		{BC80F786-F155-47D4-9739-5365EFDB029B}.Ad-Hoc|iPhoneSimulator.ActiveCfg = Ad-Hoc|iPhoneSimulator
		{BC80F786-F155-47D4-9739-5365EFDB029B}.Ad-Hoc|iPhoneSimulator.Build.0 = Ad-Hoc|iPhoneSimulator
		{BC80F786-F155-47D4-9739-5365EFDB029B}.Ad-Hoc|iPhoneSimulator.Deploy.0 = Ad-Hoc|iPhoneSimulator
		{BC80F786-F155-47D4-9739-5365EFDB029B}.AppStore|Any CPU.ActiveCfg = AppStore|iPhone
		{BC80F786-F155-47D4-9739-5365EFDB029B}.AppStore|Any CPU.Build.0 = AppStore|iPhone
		{BC80F786-F155-47D4-9739-5365EFDB029B}.AppStore|Any CPU.Deploy.0 = AppStore|iPhone
		{BC80F786-F155-47D4-9739-5365EFDB029B}.AppStore|iPhone.ActiveCfg = AppStore|iPhone
		{BC80F786-F155-47D4-9739-5365EFDB029B}.AppStore|iPhone.Build.0 = AppStore|iPhone
		{BC80F786-F155-47D4-9739-5365EFDB029B}.AppStore|iPhone.Deploy.0 = AppStore|iPhone
		{BC80F786-F155-47D4-9739-5365EFDB029B}.AppStore|iPhoneSimulator.ActiveCfg = AppStore|iPhoneSimulator
		{BC80F786-F155-47D4-9739-5365EFDB029B}.AppStore|iPhoneSimulator.Build.0 = AppStore|iPhoneSimulator
		{BC80F786-F155-47D4-9739-5365EFDB029B}.AppStore|iPhoneSimulator.Deploy.0 = AppStore|iPhoneSimulator
		{BC80F786-F155-47D4-9739-5365EFDB029B}.Debug|Any CPU.ActiveCfg = Debug|iPhoneSimulator
		{BC80F786-F155-47D4-9739-5365EFDB029B}.Debug|Any CPU.Build.0 = Debug|iPhoneSimulator
		{BC80F786-F155-47D4-9739-5365EFDB029B}.Debug|Any CPU.Deploy.0 = Debug|iPhoneSimulator
		{BC80F786-F155-47D4-9739-5365EFDB029B}.Debug|iPhone.ActiveCfg = Debug|iPhone
		{BC80F786-F155-47D4-9739-5365EFDB029B}.Debug|iPhone.Build.0 = Debug|iPhone
		{BC80F786-F155-47D4-9739-5365EFDB029B}.Debug|iPhone.Deploy.0 = Debug|iPhone
		{BC80F786-F155-47D4-9739-5365EFDB029B}.Debug|iPhoneSimulator.ActiveCfg = Debug|iPhoneSimulator
		{BC80F786-F155-47D4-9739-5365EFDB029B}.Debug|iPhoneSimulator.Build.0 = Debug|iPhoneSimulator
		{BC80F786-F155-47D4-9739-5365EFDB029B}.Debug|iPhoneSimulator.Deploy.0 = Debug|iPhoneSimulator
		{BC80F786-F155-47D4-9739-5365EFDB029B}.Release|Any CPU.ActiveCfg = Release|iPhone
		{BC80F786-F155-47D4-9739-5365EFDB029B}.Release|Any CPU.Build.0 = Release|iPhone
		{BC80F786-F155-47D4-9739-5365EFDB029B}.Release|Any CPU.Deploy.0 = Release|iPhone
		{BC80F786-F155-47D4-9739-5365EFDB029B}.Release|iPhone.ActiveCfg = Release|iPhone
		{BC80F786-F155-47D4-9739-5365EFDB029B}.Release|iPhone.Build.0 = Release|iPhone
		{BC80F786-F155-47D4-9739-5365EFDB029B}.Release|iPhone.Deploy.0 = Release|iPhone
		{BC80F786-F155-47D4-9739-5365EFDB029B}.Release|iPhoneSimulator.ActiveCfg = Release|iPhoneSimulator
		{BC80F786-F155-47D4-9739-5365EFDB029B}.Release|iPhoneSimulator.Build.0 = Release|iPhoneSimulator
		{BC80F786-F155-47D4-9739-5365EFDB029B}.Release|iPhoneSimulator.Deploy.0 = Release|iPhoneSimulator
		{E59CF190-19A8-432B-B92E-301F8B087505}.Ad-Hoc|Any CPU.ActiveCfg = Debug|Any CPU
		{E59CF190-19A8-432B-B92E-301F8B087505}.Ad-Hoc|Any CPU.Build.0 = Debug|Any CPU
		{E59CF190-19A8-432B-B92E-301F8B087505}.Ad-Hoc|Any CPU.Deploy.0 = Debug|Any CPU
		{E59CF190-19A8-432B-B92E-301F8B087505}.Ad-Hoc|iPhone.ActiveCfg = Debug|Any CPU
		{E59CF190-19A8-432B-B92E-301F8B087505}.Ad-Hoc|iPhone.Build.0 = Debug|Any CPU
		{E59CF190-19A8-432B-B92E-301F8B087505}.Ad-Hoc|iPhone.Deploy.0 = Debug|Any CPU
		{E59CF190-19A8-432B-B92E-301F8B087505}.Ad-Hoc|iPhoneSimulator.ActiveCfg = Debug|Any CPU
		{E59CF190-19A8-432B-B92E-301F8B087505}.Ad-Hoc|iPhoneSimulator.Build.0 = Debug|Any CPU
		{E59CF190-19A8-432B-B92E-301F8B087505}.Ad-Hoc|iPhoneSimulator.Deploy.0 = Debug|Any CPU
		{E59CF190-19A8-432B-B92E-301F8B087505}.AppStore|Any CPU.ActiveCfg = Debug|Any CPU
		{E59CF190-19A8-432B-B92E-301F8B087505}.AppStore|Any CPU.Build.0 = Debug|Any CPU
		{E59CF190-19A8-432B-B92E-301F8B087505}.AppStore|Any CPU.Deploy.0 = Debug|Any CPU
		{E59CF190-19A8-432B-B92E-301F8B087505}.AppStore|iPhone.ActiveCfg = Debug|Any CPU
		{E59CF190-19A8-432B-B92E-301F8B087505}.AppStore|iPhone.Build.0 = Debug|Any CPU
		{E59CF190-19A8-432B-B92E-301F8B087505}.AppStore|iPhone.Deploy.0 = Debug|Any CPU
		{E59CF190-19A8-432B-B92E-301F8B087505}.AppStore|iPhoneSimulator.ActiveCfg = Debug|Any CPU
		{E59CF190-19A8-432B-B92E-301F8B087505}.AppStore|iPhoneSimulator.Build.0 = Debug|Any CPU
		{E59CF190-19A8-432B-B92E-301F8B087505}.AppStore|iPhoneSimulator.Deploy.0 = Debug|Any CPU
		{E59CF190-19A8-432B-B92E-301F8B087505}.Debug|Any CPU.ActiveCfg = Debug|Any CPU
		{E59CF190-19A8-432B-B92E-301F8B087505}.Debug|Any CPU.Build.0 = Debug|Any CPU
		{E59CF190-19A8-432B-B92E-301F8B087505}.Debug|Any CPU.Deploy.0 = Debug|Any CPU
		{E59CF190-19A8-432B-B92E-301F8B087505}.Debug|iPhone.ActiveCfg = Debug|Any CPU
		{E59CF190-19A8-432B-B92E-301F8B087505}.Debug|iPhone.Build.0 = Debug|Any CPU
		{E59CF190-19A8-432B-B92E-301F8B087505}.Debug|iPhone.Deploy.0 = Debug|Any CPU
		{E59CF190-19A8-432B-B92E-301F8B087505}.Debug|iPhoneSimulator.ActiveCfg = Debug|Any CPU
		{E59CF190-19A8-432B-B92E-301F8B087505}.Debug|iPhoneSimulator.Build.0 = Debug|Any CPU
		{E59CF190-19A8-432B-B92E-301F8B087505}.Debug|iPhoneSimulator.Deploy.0 = Debug|Any CPU
		{E59CF190-19A8-432B-B92E-301F8B087505}.Release|Any CPU.ActiveCfg = Release|Any CPU
		{E59CF190-19A8-432B-B92E-301F8B087505}.Release|Any CPU.Build.0 = Release|Any CPU
		{E59CF190-19A8-432B-B92E-301F8B087505}.Release|Any CPU.Deploy.0 = Release|Any CPU
		{E59CF190-19A8-432B-B92E-301F8B087505}.Release|iPhone.ActiveCfg = Release|Any CPU
		{E59CF190-19A8-432B-B92E-301F8B087505}.Release|iPhone.Build.0 = Release|Any CPU
		{E59CF190-19A8-432B-B92E-301F8B087505}.Release|iPhone.Deploy.0 = Release|Any CPU
		{E59CF190-19A8-432B-B92E-301F8B087505}.Release|iPhoneSimulator.ActiveCfg = Release|Any CPU
		{E59CF190-19A8-432B-B92E-301F8B087505}.Release|iPhoneSimulator.Build.0 = Release|Any CPU
		{E59CF190-19A8-432B-B92E-301F8B087505}.Release|iPhoneSimulator.Deploy.0 = Release|Any CPU
		{183A6A40-75A3-47A4-A884-BB864403464F}.Ad-Hoc|Any CPU.ActiveCfg = Release|Any CPU
		{183A6A40-75A3-47A4-A884-BB864403464F}.Ad-Hoc|Any CPU.Build.0 = Release|Any CPU
		{183A6A40-75A3-47A4-A884-BB864403464F}.Ad-Hoc|iPhone.ActiveCfg = Release|Any CPU
		{183A6A40-75A3-47A4-A884-BB864403464F}.Ad-Hoc|iPhone.Build.0 = Release|Any CPU
		{183A6A40-75A3-47A4-A884-BB864403464F}.Ad-Hoc|iPhoneSimulator.ActiveCfg = Release|Any CPU
		{183A6A40-75A3-47A4-A884-BB864403464F}.Ad-Hoc|iPhoneSimulator.Build.0 = Release|Any CPU
		{183A6A40-75A3-47A4-A884-BB864403464F}.AppStore|Any CPU.ActiveCfg = Release|Any CPU
		{183A6A40-75A3-47A4-A884-BB864403464F}.AppStore|Any CPU.Build.0 = Release|Any CPU
		{183A6A40-75A3-47A4-A884-BB864403464F}.AppStore|iPhone.ActiveCfg = Release|Any CPU
		{183A6A40-75A3-47A4-A884-BB864403464F}.AppStore|iPhone.Build.0 = Release|Any CPU
		{183A6A40-75A3-47A4-A884-BB864403464F}.AppStore|iPhoneSimulator.ActiveCfg = Release|Any CPU
		{183A6A40-75A3-47A4-A884-BB864403464F}.AppStore|iPhoneSimulator.Build.0 = Release|Any CPU
		{183A6A40-75A3-47A4-A884-BB864403464F}.Debug|Any CPU.ActiveCfg = Debug|Any CPU
		{183A6A40-75A3-47A4-A884-BB864403464F}.Debug|Any CPU.Build.0 = Debug|Any CPU
		{183A6A40-75A3-47A4-A884-BB864403464F}.Debug|iPhone.ActiveCfg = Debug|Any CPU
		{183A6A40-75A3-47A4-A884-BB864403464F}.Debug|iPhone.Build.0 = Debug|Any CPU
		{183A6A40-75A3-47A4-A884-BB864403464F}.Debug|iPhoneSimulator.ActiveCfg = Debug|Any CPU
		{183A6A40-75A3-47A4-A884-BB864403464F}.Debug|iPhoneSimulator.Build.0 = Debug|Any CPU
		{183A6A40-75A3-47A4-A884-BB864403464F}.Release|Any CPU.ActiveCfg = Release|Any CPU
		{183A6A40-75A3-47A4-A884-BB864403464F}.Release|Any CPU.Build.0 = Release|Any CPU
		{183A6A40-75A3-47A4-A884-BB864403464F}.Release|iPhone.ActiveCfg = Release|Any CPU
		{183A6A40-75A3-47A4-A884-BB864403464F}.Release|iPhone.Build.0 = Release|Any CPU
		{183A6A40-75A3-47A4-A884-BB864403464F}.Release|iPhoneSimulator.ActiveCfg = Release|Any CPU
		{183A6A40-75A3-47A4-A884-BB864403464F}.Release|iPhoneSimulator.Build.0 = Release|Any CPU
		{B9A817EB-B565-4443-8E14-B4D393E4D9B6}.Ad-Hoc|Any CPU.ActiveCfg = Release|Any CPU
		{B9A817EB-B565-4443-8E14-B4D393E4D9B6}.Ad-Hoc|Any CPU.Build.0 = Release|Any CPU
		{B9A817EB-B565-4443-8E14-B4D393E4D9B6}.Ad-Hoc|iPhone.ActiveCfg = Release|Any CPU
		{B9A817EB-B565-4443-8E14-B4D393E4D9B6}.Ad-Hoc|iPhone.Build.0 = Release|Any CPU
		{B9A817EB-B565-4443-8E14-B4D393E4D9B6}.Ad-Hoc|iPhoneSimulator.ActiveCfg = Release|Any CPU
		{B9A817EB-B565-4443-8E14-B4D393E4D9B6}.Ad-Hoc|iPhoneSimulator.Build.0 = Release|Any CPU
		{B9A817EB-B565-4443-8E14-B4D393E4D9B6}.AppStore|Any CPU.ActiveCfg = Release|Any CPU
		{B9A817EB-B565-4443-8E14-B4D393E4D9B6}.AppStore|Any CPU.Build.0 = Release|Any CPU
		{B9A817EB-B565-4443-8E14-B4D393E4D9B6}.AppStore|iPhone.ActiveCfg = Release|Any CPU
		{B9A817EB-B565-4443-8E14-B4D393E4D9B6}.AppStore|iPhone.Build.0 = Release|Any CPU
		{B9A817EB-B565-4443-8E14-B4D393E4D9B6}.AppStore|iPhoneSimulator.ActiveCfg = Release|Any CPU
		{B9A817EB-B565-4443-8E14-B4D393E4D9B6}.AppStore|iPhoneSimulator.Build.0 = Release|Any CPU
		{B9A817EB-B565-4443-8E14-B4D393E4D9B6}.Debug|Any CPU.ActiveCfg = Debug|Any CPU
		{B9A817EB-B565-4443-8E14-B4D393E4D9B6}.Debug|Any CPU.Build.0 = Debug|Any CPU
		{B9A817EB-B565-4443-8E14-B4D393E4D9B6}.Debug|iPhone.ActiveCfg = Debug|Any CPU
		{B9A817EB-B565-4443-8E14-B4D393E4D9B6}.Debug|iPhone.Build.0 = Debug|Any CPU
		{B9A817EB-B565-4443-8E14-B4D393E4D9B6}.Debug|iPhoneSimulator.ActiveCfg = Debug|Any CPU
		{B9A817EB-B565-4443-8E14-B4D393E4D9B6}.Debug|iPhoneSimulator.Build.0 = Debug|Any CPU
		{B9A817EB-B565-4443-8E14-B4D393E4D9B6}.Release|Any CPU.ActiveCfg = Release|Any CPU
		{B9A817EB-B565-4443-8E14-B4D393E4D9B6}.Release|Any CPU.Build.0 = Release|Any CPU
		{B9A817EB-B565-4443-8E14-B4D393E4D9B6}.Release|iPhone.ActiveCfg = Release|Any CPU
		{B9A817EB-B565-4443-8E14-B4D393E4D9B6}.Release|iPhone.Build.0 = Release|Any CPU
		{B9A817EB-B565-4443-8E14-B4D393E4D9B6}.Release|iPhoneSimulator.ActiveCfg = Release|Any CPU
		{B9A817EB-B565-4443-8E14-B4D393E4D9B6}.Release|iPhoneSimulator.Build.0 = Release|Any CPU
		{E3433BA4-E209-4223-B383-E677AA10244C}.Ad-Hoc|Any CPU.ActiveCfg = Release|Any CPU
		{E3433BA4-E209-4223-B383-E677AA10244C}.Ad-Hoc|Any CPU.Build.0 = Release|Any CPU
		{E3433BA4-E209-4223-B383-E677AA10244C}.Ad-Hoc|iPhone.ActiveCfg = Release|Any CPU
		{E3433BA4-E209-4223-B383-E677AA10244C}.Ad-Hoc|iPhone.Build.0 = Release|Any CPU
		{E3433BA4-E209-4223-B383-E677AA10244C}.Ad-Hoc|iPhoneSimulator.ActiveCfg = Release|Any CPU
		{E3433BA4-E209-4223-B383-E677AA10244C}.Ad-Hoc|iPhoneSimulator.Build.0 = Release|Any CPU
		{E3433BA4-E209-4223-B383-E677AA10244C}.AppStore|Any CPU.ActiveCfg = Release|Any CPU
		{E3433BA4-E209-4223-B383-E677AA10244C}.AppStore|Any CPU.Build.0 = Release|Any CPU
		{E3433BA4-E209-4223-B383-E677AA10244C}.AppStore|iPhone.ActiveCfg = Release|Any CPU
		{E3433BA4-E209-4223-B383-E677AA10244C}.AppStore|iPhone.Build.0 = Release|Any CPU
		{E3433BA4-E209-4223-B383-E677AA10244C}.AppStore|iPhoneSimulator.ActiveCfg = Release|Any CPU
		{E3433BA4-E209-4223-B383-E677AA10244C}.AppStore|iPhoneSimulator.Build.0 = Release|Any CPU
		{E3433BA4-E209-4223-B383-E677AA10244C}.Debug|Any CPU.ActiveCfg = Debug|Any CPU
		{E3433BA4-E209-4223-B383-E677AA10244C}.Debug|Any CPU.Build.0 = Debug|Any CPU
		{E3433BA4-E209-4223-B383-E677AA10244C}.Debug|iPhone.ActiveCfg = Debug|Any CPU
		{E3433BA4-E209-4223-B383-E677AA10244C}.Debug|iPhone.Build.0 = Debug|Any CPU
		{E3433BA4-E209-4223-B383-E677AA10244C}.Debug|iPhoneSimulator.ActiveCfg = Debug|Any CPU
		{E3433BA4-E209-4223-B383-E677AA10244C}.Debug|iPhoneSimulator.Build.0 = Debug|Any CPU
		{E3433BA4-E209-4223-B383-E677AA10244C}.Release|Any CPU.ActiveCfg = Release|Any CPU
		{E3433BA4-E209-4223-B383-E677AA10244C}.Release|Any CPU.Build.0 = Release|Any CPU
		{E3433BA4-E209-4223-B383-E677AA10244C}.Release|iPhone.ActiveCfg = Release|Any CPU
		{E3433BA4-E209-4223-B383-E677AA10244C}.Release|iPhone.Build.0 = Release|Any CPU
		{E3433BA4-E209-4223-B383-E677AA10244C}.Release|iPhoneSimulator.ActiveCfg = Release|Any CPU
		{E3433BA4-E209-4223-B383-E677AA10244C}.Release|iPhoneSimulator.Build.0 = Release|Any CPU
		{297873F3-92B8-4439-B087-D010BCDCA905}.Ad-Hoc|Any CPU.ActiveCfg = Release|Any CPU
		{297873F3-92B8-4439-B087-D010BCDCA905}.Ad-Hoc|Any CPU.Build.0 = Release|Any CPU
		{297873F3-92B8-4439-B087-D010BCDCA905}.Ad-Hoc|iPhone.ActiveCfg = Release|Any CPU
		{297873F3-92B8-4439-B087-D010BCDCA905}.Ad-Hoc|iPhone.Build.0 = Release|Any CPU
		{297873F3-92B8-4439-B087-D010BCDCA905}.Ad-Hoc|iPhoneSimulator.ActiveCfg = Release|Any CPU
		{297873F3-92B8-4439-B087-D010BCDCA905}.Ad-Hoc|iPhoneSimulator.Build.0 = Release|Any CPU
		{297873F3-92B8-4439-B087-D010BCDCA905}.AppStore|Any CPU.ActiveCfg = Release|Any CPU
		{297873F3-92B8-4439-B087-D010BCDCA905}.AppStore|Any CPU.Build.0 = Release|Any CPU
		{297873F3-92B8-4439-B087-D010BCDCA905}.AppStore|iPhone.ActiveCfg = Release|Any CPU
		{297873F3-92B8-4439-B087-D010BCDCA905}.AppStore|iPhone.Build.0 = Release|Any CPU
		{297873F3-92B8-4439-B087-D010BCDCA905}.AppStore|iPhoneSimulator.ActiveCfg = Release|Any CPU
		{297873F3-92B8-4439-B087-D010BCDCA905}.AppStore|iPhoneSimulator.Build.0 = Release|Any CPU
		{297873F3-92B8-4439-B087-D010BCDCA905}.Debug|Any CPU.ActiveCfg = Debug|Any CPU
		{297873F3-92B8-4439-B087-D010BCDCA905}.Debug|Any CPU.Build.0 = Debug|Any CPU
		{297873F3-92B8-4439-B087-D010BCDCA905}.Debug|iPhone.ActiveCfg = Debug|Any CPU
		{297873F3-92B8-4439-B087-D010BCDCA905}.Debug|iPhone.Build.0 = Debug|Any CPU
		{297873F3-92B8-4439-B087-D010BCDCA905}.Debug|iPhoneSimulator.ActiveCfg = Debug|Any CPU
		{297873F3-92B8-4439-B087-D010BCDCA905}.Debug|iPhoneSimulator.Build.0 = Debug|Any CPU
		{297873F3-92B8-4439-B087-D010BCDCA905}.Release|Any CPU.ActiveCfg = Release|Any CPU
		{297873F3-92B8-4439-B087-D010BCDCA905}.Release|Any CPU.Build.0 = Release|Any CPU
		{297873F3-92B8-4439-B087-D010BCDCA905}.Release|iPhone.ActiveCfg = Release|Any CPU
		{297873F3-92B8-4439-B087-D010BCDCA905}.Release|iPhone.Build.0 = Release|Any CPU
		{297873F3-92B8-4439-B087-D010BCDCA905}.Release|iPhoneSimulator.ActiveCfg = Release|Any CPU
		{297873F3-92B8-4439-B087-D010BCDCA905}.Release|iPhoneSimulator.Build.0 = Release|Any CPU
	EndGlobalSection
	GlobalSection(SolutionProperties) = preSolution
		HideSolutionNode = FALSE
	EndGlobalSection
	GlobalSection(ExtensibilityGlobals) = postSolution
		SolutionGuid = {C4B956B0-D34D-4554-A94E-E093E1043BF1}
	EndGlobalSection
EndGlobal
